
Microsoft Visual Studio Solution File, Format Version 12.00
# Visual Studio 15
VisualStudioVersion = 15.0.28307.572
MinimumVisualStudioVersion = 10.0.40219.1
Project("{FAE04EC0-301F-11D3-BF4B-00C04F79EFBC}") = "addressbook_tests_autoit", "addressbook_tests_autoit\addressbook_tests_autoit.csproj", "{6F505E2E-2098-4FA8-BAB2-D245F2F988C9}"
EndProject
Global
	GlobalSection(SolutionConfigurationPlatforms) = preSolution
		Debug|Any CPU = Debug|Any CPU
		Release|Any CPU = Release|Any CPU
	EndGlobalSection
	GlobalSection(ProjectConfigurationPlatforms) = postSolution
		{6F505E2E-2098-4FA8-BAB2-D245F2F988C9}.Debug|Any CPU.ActiveCfg = Debug|Any CPU
		{6F505E2E-2098-4FA8-BAB2-D245F2F988C9}.Debug|Any CPU.Build.0 = Debug|Any CPU
		{6F505E2E-2098-4FA8-BAB2-D245F2F988C9}.Release|Any CPU.ActiveCfg = Release|Any CPU
		{6F505E2E-2098-4FA8-BAB2-D245F2F988C9}.Release|Any CPU.Build.0 = Release|Any CPU
	EndGlobalSection
	GlobalSection(SolutionProperties) = preSolution
		HideSolutionNode = FALSE
	EndGlobalSection
	GlobalSection(ExtensibilityGlobals) = postSolution
		SolutionGuid = {6C254205-B253-4B32-B07E-EF6518CF1C6E}
	EndGlobalSection
EndGlobal
